// !$*UTF8*$!
{
	archiveVersion = 1;
	classes = {
	};
	objectVersion = 50;
	objects = {

/* Begin PBXBuildFile section */
		FF267AF424739B0E002241C0 /* README.md in Resources */ = {isa = PBXBuildFile; fileRef = FF267AF324739B0E002241C0 /* README.md */; };
		FF267AF62473A07E002241C0 /* LICENSE in Resources */ = {isa = PBXBuildFile; fileRef = FF267AF52473A07E002241C0 /* LICENSE */; };
		FF4F6D12247118D900CE308C /* AboutView.swift in Sources */ = {isa = PBXBuildFile; fileRef = FF4F6D11247118D900CE308C /* AboutView.swift */; };
		FF8DC07F247076D400FCC99F /* Files.swift in Sources */ = {isa = PBXBuildFile; fileRef = FF8DC07E247076D400FCC99F /* Files.swift */; };
		FFE9E96F246EC7C6009DCC99 /* AppDelegate.swift in Sources */ = {isa = PBXBuildFile; fileRef = FFE9E96E246EC7C6009DCC99 /* AppDelegate.swift */; };
		FFE9E971246EC7C6009DCC99 /* ContentView.swift in Sources */ = {isa = PBXBuildFile; fileRef = FFE9E970246EC7C6009DCC99 /* ContentView.swift */; };
		FFE9E973246EC7CA009DCC99 /* Assets.xcassets in Resources */ = {isa = PBXBuildFile; fileRef = FFE9E972246EC7CA009DCC99 /* Assets.xcassets */; };
		FFE9E976246EC7CA009DCC99 /* Preview Assets.xcassets in Resources */ = {isa = PBXBuildFile; fileRef = FFE9E975246EC7CA009DCC99 /* Preview Assets.xcassets */; };
		FFE9E979246EC7CA009DCC99 /* Main.storyboard in Resources */ = {isa = PBXBuildFile; fileRef = FFE9E977246EC7CA009DCC99 /* Main.storyboard */; };
		FFE9E982246F1339009DCC99 /* Generator.swift in Sources */ = {isa = PBXBuildFile; fileRef = FFE9E981246F1339009DCC99 /* Generator.swift */; };
/* End PBXBuildFile section */

/* Begin PBXFileReference section */
		FF267AF324739B0E002241C0 /* README.md */ = {isa = PBXFileReference; lastKnownFileType = net.daringfireball.markdown; path = README.md; sourceTree = "<group>"; };
		FF267AF52473A07E002241C0 /* LICENSE */ = {isa = PBXFileReference; fileEncoding = 4; lastKnownFileType = text; path = LICENSE; sourceTree = "<group>"; };
		FF4F6D11247118D900CE308C /* AboutView.swift */ = {isa = PBXFileReference; lastKnownFileType = sourcecode.swift; path = AboutView.swift; sourceTree = "<group>"; };
		FF8DC07E247076D400FCC99F /* Files.swift */ = {isa = PBXFileReference; lastKnownFileType = sourcecode.swift; path = Files.swift; sourceTree = "<group>"; };
		FFE9E96B246EC7C6009DCC99 /* PhotoGIF.app */ = {isa = PBXFileReference; explicitFileType = wrapper.application; includeInIndex = 0; path = PhotoGIF.app; sourceTree = BUILT_PRODUCTS_DIR; };
		FFE9E96E246EC7C6009DCC99 /* AppDelegate.swift */ = {isa = PBXFileReference; lastKnownFileType = sourcecode.swift; path = AppDelegate.swift; sourceTree = "<group>"; };
		FFE9E970246EC7C6009DCC99 /* ContentView.swift */ = {isa = PBXFileReference; lastKnownFileType = sourcecode.swift; path = ContentView.swift; sourceTree = "<group>"; };
		FFE9E972246EC7CA009DCC99 /* Assets.xcassets */ = {isa = PBXFileReference; lastKnownFileType = folder.assetcatalog; path = Assets.xcassets; sourceTree = "<group>"; };
		FFE9E975246EC7CA009DCC99 /* Preview Assets.xcassets */ = {isa = PBXFileReference; lastKnownFileType = folder.assetcatalog; path = "Preview Assets.xcassets"; sourceTree = "<group>"; };
		FFE9E978246EC7CA009DCC99 /* Base */ = {isa = PBXFileReference; lastKnownFileType = file.storyboard; name = Base; path = Base.lproj/Main.storyboard; sourceTree = "<group>"; };
		FFE9E97A246EC7CA009DCC99 /* Info.plist */ = {isa = PBXFileReference; lastKnownFileType = text.plist.xml; path = Info.plist; sourceTree = "<group>"; };
		FFE9E97B246EC7CA009DCC99 /* PhotoGIF.entitlements */ = {isa = PBXFileReference; lastKnownFileType = text.plist.entitlements; path = PhotoGIF.entitlements; sourceTree = "<group>"; };
		FFE9E981246F1339009DCC99 /* Generator.swift */ = {isa = PBXFileReference; lastKnownFileType = sourcecode.swift; path = Generator.swift; sourceTree = "<group>"; };
/* End PBXFileReference section */

/* Begin PBXFrameworksBuildPhase section */
		FFE9E968246EC7C6009DCC99 /* Frameworks */ = {
			isa = PBXFrameworksBuildPhase;
			buildActionMask = 2147483647;
			files = (
			);
			runOnlyForDeploymentPostprocessing = 0;
		};
/* End PBXFrameworksBuildPhase section */

/* Begin PBXGroup section */
		FF4F6D1324711CB400CE308C /* Views */ = {
			isa = PBXGroup;
			children = (
				FFE9E977246EC7CA009DCC99 /* Main.storyboard */,
				FFE9E970246EC7C6009DCC99 /* ContentView.swift */,
				FF4F6D11247118D900CE308C /* AboutView.swift */,
			);
			path = Views;
			sourceTree = "<group>";
		};
		FFE9E962246EC7C6009DCC99 = {
			isa = PBXGroup;
			children = (
				FF267AF324739B0E002241C0 /* README.md */,
				FF267AF52473A07E002241C0 /* LICENSE */,
				FFE9E96D246EC7C6009DCC99 /* PhotoGIF */,
			);
			sourceTree = "<group>";
		};
		FFE9E96C246EC7C6009DCC99 /* Products */ = {
			isa = PBXGroup;
			children = (
				FFE9E96B246EC7C6009DCC99 /* PhotoGIF.app */,
			);
			name = Products;
			path = ..;
			sourceTree = "<group>";
		};
		FFE9E96D246EC7C6009DCC99 /* PhotoGIF */ = {
			isa = PBXGroup;
			children = (
				FF4F6D1324711CB400CE308C /* Views */,
				FFE9E96E246EC7C6009DCC99 /* AppDelegate.swift */,
				FFE9E981246F1339009DCC99 /* Generator.swift */,
				FF8DC07E247076D400FCC99F /* Files.swift */,
				FFE9E97B246EC7CA009DCC99 /* PhotoGIF.entitlements */,
				FFE9E97A246EC7CA009DCC99 /* Info.plist */,
				FFE9E972246EC7CA009DCC99 /* Assets.xcassets */,
				FFE9E96C246EC7C6009DCC99 /* Products */,
				FFE9E974246EC7CA009DCC99 /* Preview Content */,
			);
			path = PhotoGIF;
			sourceTree = "<group>";
		};
		FFE9E974246EC7CA009DCC99 /* Preview Content */ = {
			isa = PBXGroup;
			children = (
				FFE9E975246EC7CA009DCC99 /* Preview Assets.xcassets */,
			);
			path = "Preview Content";
			sourceTree = "<group>";
		};
/* End PBXGroup section */

/* Begin PBXNativeTarget section */
		FFE9E96A246EC7C6009DCC99 /* PhotoGIF */ = {
			isa = PBXNativeTarget;
			buildConfigurationList = FFE9E97E246EC7CA009DCC99 /* Build configuration list for PBXNativeTarget "PhotoGIF" */;
			buildPhases = (
				FFE9E967246EC7C6009DCC99 /* Sources */,
				FFE9E968246EC7C6009DCC99 /* Frameworks */,
				FFE9E969246EC7C6009DCC99 /* Resources */,
			);
			buildRules = (
			);
			dependencies = (
			);
			name = PhotoGIF;
			productName = "64-GIFs";
			productReference = FFE9E96B246EC7C6009DCC99 /* PhotoGIF.app */;
			productType = "com.apple.product-type.application";
		};
/* End PBXNativeTarget section */

/* Begin PBXProject section */
		FFE9E963246EC7C6009DCC99 /* Project object */ = {
			isa = PBXProject;
			attributes = {
				LastSwiftUpdateCheck = 1140;
				LastUpgradeCheck = 1150;
				ORGANIZATIONNAME = "Loyi Hsu";
				TargetAttributes = {
					FFE9E96A246EC7C6009DCC99 = {
						CreatedOnToolsVersion = 11.4.1;
					};
				};
			};
			buildConfigurationList = FFE9E966246EC7C6009DCC99 /* Build configuration list for PBXProject "PhotoGIF" */;
			compatibilityVersion = "Xcode 9.3";
			developmentRegion = en;
			hasScannedForEncodings = 0;
			knownRegions = (
				en,
				Base,
			);
			mainGroup = FFE9E962246EC7C6009DCC99;
			productRefGroup = FFE9E96C246EC7C6009DCC99 /* Products */;
			projectDirPath = "";
			projectRoot = "";
			targets = (
				FFE9E96A246EC7C6009DCC99 /* PhotoGIF */,
			);
		};
/* End PBXProject section */

/* Begin PBXResourcesBuildPhase section */
		FFE9E969246EC7C6009DCC99 /* Resources */ = {
			isa = PBXResourcesBuildPhase;
			buildActionMask = 2147483647;
			files = (
				FFE9E979246EC7CA009DCC99 /* Main.storyboard in Resources */,
				FFE9E976246EC7CA009DCC99 /* Preview Assets.xcassets in Resources */,
				FF267AF424739B0E002241C0 /* README.md in Resources */,
				FFE9E973246EC7CA009DCC99 /* Assets.xcassets in Resources */,
				FF267AF62473A07E002241C0 /* LICENSE in Resources */,
			);
			runOnlyForDeploymentPostprocessing = 0;
		};
/* End PBXResourcesBuildPhase section */

/* Begin PBXSourcesBuildPhase section */
		FFE9E967246EC7C6009DCC99 /* Sources */ = {
			isa = PBXSourcesBuildPhase;
			buildActionMask = 2147483647;
			files = (
				FFE9E971246EC7C6009DCC99 /* ContentView.swift in Sources */,
				FF8DC07F247076D400FCC99F /* Files.swift in Sources */,
				FFE9E982246F1339009DCC99 /* Generator.swift in Sources */,
				FF4F6D12247118D900CE308C /* AboutView.swift in Sources */,
				FFE9E96F246EC7C6009DCC99 /* AppDelegate.swift in Sources */,
			);
			runOnlyForDeploymentPostprocessing = 0;
		};
/* End PBXSourcesBuildPhase section */

/* Begin PBXVariantGroup section */
		FFE9E977246EC7CA009DCC99 /* Main.storyboard */ = {
			isa = PBXVariantGroup;
			children = (
				FFE9E978246EC7CA009DCC99 /* Base */,
			);
			name = Main.storyboard;
			sourceTree = "<group>";
		};
/* End PBXVariantGroup section */

/* Begin XCBuildConfiguration section */
		FFE9E97C246EC7CA009DCC99 /* Debug */ = {
			isa = XCBuildConfiguration;
			buildSettings = {
				ALWAYS_SEARCH_USER_PATHS = NO;
				CLANG_ANALYZER_NONNULL = YES;
				CLANG_ANALYZER_NUMBER_OBJECT_CONVERSION = YES_AGGRESSIVE;
				CLANG_CXX_LANGUAGE_STANDARD = "gnu++14";
				CLANG_CXX_LIBRARY = "libc++";
				CLANG_ENABLE_MODULES = YES;
				CLANG_ENABLE_OBJC_ARC = YES;
				CLANG_ENABLE_OBJC_WEAK = YES;
				CLANG_WARN_BLOCK_CAPTURE_AUTORELEASING = YES;
				CLANG_WARN_BOOL_CONVERSION = YES;
				CLANG_WARN_COMMA = YES;
				CLANG_WARN_CONSTANT_CONVERSION = YES;
				CLANG_WARN_DEPRECATED_OBJC_IMPLEMENTATIONS = YES;
				CLANG_WARN_DIRECT_OBJC_ISA_USAGE = YES_ERROR;
				CLANG_WARN_DOCUMENTATION_COMMENTS = YES;
				CLANG_WARN_EMPTY_BODY = YES;
				CLANG_WARN_ENUM_CONVERSION = YES;
				CLANG_WARN_INFINITE_RECURSION = YES;
				CLANG_WARN_INT_CONVERSION = YES;
				CLANG_WARN_NON_LITERAL_NULL_CONVERSION = YES;
				CLANG_WARN_OBJC_IMPLICIT_RETAIN_SELF = YES;
				CLANG_WARN_OBJC_LITERAL_CONVERSION = YES;
				CLANG_WARN_OBJC_ROOT_CLASS = YES_ERROR;
				CLANG_WARN_RANGE_LOOP_ANALYSIS = YES;
				CLANG_WARN_STRICT_PROTOTYPES = YES;
				CLANG_WARN_SUSPICIOUS_MOVE = YES;
				CLANG_WARN_UNGUARDED_AVAILABILITY = YES_AGGRESSIVE;
				CLANG_WARN_UNREACHABLE_CODE = YES;
				CLANG_WARN__DUPLICATE_METHOD_MATCH = YES;
				COPY_PHASE_STRIP = NO;
				DEBUG_INFORMATION_FORMAT = dwarf;
				ENABLE_STRICT_OBJC_MSGSEND = YES;
				ENABLE_TESTABILITY = YES;
				GCC_C_LANGUAGE_STANDARD = gnu11;
				GCC_DYNAMIC_NO_PIC = NO;
				GCC_NO_COMMON_BLOCKS = YES;
				GCC_OPTIMIZATION_LEVEL = 0;
				GCC_PREPROCESSOR_DEFINITIONS = (
					"DEBUG=1",
					"$(inherited)",
				);
				GCC_WARN_64_TO_32_BIT_CONVERSION = YES;
				GCC_WARN_ABOUT_RETURN_TYPE = YES_ERROR;
				GCC_WARN_UNDECLARED_SELECTOR = YES;
				GCC_WARN_UNINITIALIZED_AUTOS = YES_AGGRESSIVE;
				GCC_WARN_UNUSED_FUNCTION = YES;
				GCC_WARN_UNUSED_VARIABLE = YES;
				MACOSX_DEPLOYMENT_TARGET = 10.15;
				MTL_ENABLE_DEBUG_INFO = INCLUDE_SOURCE;
				MTL_FAST_MATH = YES;
				ONLY_ACTIVE_ARCH = YES;
				SDKROOT = macosx;
				SWIFT_ACTIVE_COMPILATION_CONDITIONS = DEBUG;
				SWIFT_OPTIMIZATION_LEVEL = "-Onone";
			};
			name = Debug;
		};
		FFE9E97D246EC7CA009DCC99 /* Release */ = {
			isa = XCBuildConfiguration;
			buildSettings = {
				ALWAYS_SEARCH_USER_PATHS = NO;
				CLANG_ANALYZER_NONNULL = YES;
				CLANG_ANALYZER_NUMBER_OBJECT_CONVERSION = YES_AGGRESSIVE;
				CLANG_CXX_LANGUAGE_STANDARD = "gnu++14";
				CLANG_CXX_LIBRARY = "libc++";
				CLANG_ENABLE_MODULES = YES;
				CLANG_ENABLE_OBJC_ARC = YES;
				CLANG_ENABLE_OBJC_WEAK = YES;
				CLANG_WARN_BLOCK_CAPTURE_AUTORELEASING = YES;
				CLANG_WARN_BOOL_CONVERSION = YES;
				CLANG_WARN_COMMA = YES;
				CLANG_WARN_CONSTANT_CONVERSION = YES;
				CLANG_WARN_DEPRECATED_OBJC_IMPLEMENTATIONS = YES;
				CLANG_WARN_DIRECT_OBJC_ISA_USAGE = YES_ERROR;
				CLANG_WARN_DOCUMENTATION_COMMENTS = YES;
				CLANG_WARN_EMPTY_BODY = YES;
				CLANG_WARN_ENUM_CONVERSION = YES;
				CLANG_WARN_INFINITE_RECURSION = YES;
				CLANG_WARN_INT_CONVERSION = YES;
				CLANG_WARN_NON_LITERAL_NULL_CONVERSION = YES;
				CLANG_WARN_OBJC_IMPLICIT_RETAIN_SELF = YES;
				CLANG_WARN_OBJC_LITERAL_CONVERSION = YES;
				CLANG_WARN_OBJC_ROOT_CLASS = YES_ERROR;
				CLANG_WARN_RANGE_LOOP_ANALYSIS = YES;
				CLANG_WARN_STRICT_PROTOTYPES = YES;
				CLANG_WARN_SUSPICIOUS_MOVE = YES;
				CLANG_WARN_UNGUARDED_AVAILABILITY = YES_AGGRESSIVE;
				CLANG_WARN_UNREACHABLE_CODE = YES;
				CLANG_WARN__DUPLICATE_METHOD_MATCH = YES;
				COPY_PHASE_STRIP = NO;
				DEBUG_INFORMATION_FORMAT = "dwarf-with-dsym";
				ENABLE_NS_ASSERTIONS = NO;
				ENABLE_STRICT_OBJC_MSGSEND = YES;
				GCC_C_LANGUAGE_STANDARD = gnu11;
				GCC_NO_COMMON_BLOCKS = YES;
				GCC_WARN_64_TO_32_BIT_CONVERSION = YES;
				GCC_WARN_ABOUT_RETURN_TYPE = YES_ERROR;
				GCC_WARN_UNDECLARED_SELECTOR = YES;
				GCC_WARN_UNINITIALIZED_AUTOS = YES_AGGRESSIVE;
				GCC_WARN_UNUSED_FUNCTION = YES;
				GCC_WARN_UNUSED_VARIABLE = YES;
				MACOSX_DEPLOYMENT_TARGET = 10.15;
				MTL_ENABLE_DEBUG_INFO = NO;
				MTL_FAST_MATH = YES;
				SDKROOT = macosx;
				SWIFT_COMPILATION_MODE = wholemodule;
				SWIFT_OPTIMIZATION_LEVEL = "-O";
			};
			name = Release;
		};
		FFE9E97F246EC7CA009DCC99 /* Debug */ = {
			isa = XCBuildConfiguration;
			buildSettings = {
				ASSETCATALOG_COMPILER_APPICON_NAME = AppIcon;
				CODE_SIGN_ENTITLEMENTS = PhotoGIF/PhotoGIF.entitlements;
				CODE_SIGN_IDENTITY = "Apple Development";
				CODE_SIGN_STYLE = Automatic;
				COMBINE_HIDPI_IMAGES = YES;
				CURRENT_PROJECT_VERSION = 20051901;
				DEVELOPMENT_ASSET_PATHS = "\"PhotoGIF/Preview Content\"";
				DEVELOPMENT_TEAM = 2A59FUGCBE;
				ENABLE_HARDENED_RUNTIME = YES;
				ENABLE_PREVIEWS = YES;
				INFOPLIST_FILE = PhotoGIF/Info.plist;
				LD_RUNPATH_SEARCH_PATHS = (
					"$(inherited)",
					"@executable_path/../Frameworks",
				);
				MACOSX_DEPLOYMENT_TARGET = 10.15;
				PRODUCT_BUNDLE_IDENTIFIER = dev.loyi.apps.photogif;
				PRODUCT_NAME = "$(TARGET_NAME)";
				SWIFT_VERSION = 5.0;
			};
			name = Debug;
		};
		FFE9E980246EC7CA009DCC99 /* Release */ = {
			isa = XCBuildConfiguration;
			buildSettings = {
				ASSETCATALOG_COMPILER_APPICON_NAME = AppIcon;
				CODE_SIGN_ENTITLEMENTS = PhotoGIF/PhotoGIF.entitlements;
				CODE_SIGN_IDENTITY = "Apple Development";
				CODE_SIGN_STYLE = Automatic;
				COMBINE_HIDPI_IMAGES = YES;
				CURRENT_PROJECT_VERSION = 20051901;
				DEVELOPMENT_ASSET_PATHS = "\"PhotoGIF/Preview Content\"";
				DEVELOPMENT_TEAM = 2A59FUGCBE;
				ENABLE_HARDENED_RUNTIME = YES;
				ENABLE_PREVIEWS = YES;
				INFOPLIST_FILE = PhotoGIF/Info.plist;
				LD_RUNPATH_SEARCH_PATHS = (
					"$(inherited)",
					"@executable_path/../Frameworks",
				);
				MACOSX_DEPLOYMENT_TARGET = 10.15;
				PRODUCT_BUNDLE_IDENTIFIER = dev.loyi.apps.photogif;
				PRODUCT_NAME = "$(TARGET_NAME)";
				SWIFT_VERSION = 5.0;
			};
			name = Release;
		};
/* End XCBuildConfiguration section */

/* Begin XCConfigurationList section */
		FFE9E966246EC7C6009DCC99 /* Build configuration list for PBXProject "PhotoGIF" */ = {
			isa = XCConfigurationList;
			buildConfigurations = (
				FFE9E97C246EC7CA009DCC99 /* Debug */,
				FFE9E97D246EC7CA009DCC99 /* Release */,
			);
			defaultConfigurationIsVisible = 0;
			defaultConfigurationName = Release;
		};
		FFE9E97E246EC7CA009DCC99 /* Build configuration list for PBXNativeTarget "PhotoGIF" */ = {
			isa = XCConfigurationList;
			buildConfigurations = (
				FFE9E97F246EC7CA009DCC99 /* Debug */,
				FFE9E980246EC7CA009DCC99 /* Release */,
			);
			defaultConfigurationIsVisible = 0;
			defaultConfigurationName = Release;
		};
/* End XCConfigurationList section */
	};
	rootObject = FFE9E963246EC7C6009DCC99 /* Project object */;
}
